// !$*UTF8*$!
{
	archiveVersion = 1;
	classes = {
	};
	objectVersion = 50;
	objects = {

/* Begin PBXBuildFile section */
		26D9F3AF22480CBD0026C975 /* AppDelegate.swift in Sources */ = {isa = PBXBuildFile; fileRef = 26D9F3AE22480CBD0026C975 /* AppDelegate.swift */; };
		26D9F3B122480CBD0026C975 /* ViewController.swift in Sources */ = {isa = PBXBuildFile; fileRef = 26D9F3B022480CBD0026C975 /* ViewController.swift */; };
		26D9F3B422480CBD0026C975 /* Main.storyboard in Resources */ = {isa = PBXBuildFile; fileRef = 26D9F3B222480CBD0026C975 /* Main.storyboard */; };
		26D9F3B622480CBE0026C975 /* Assets.xcassets in Resources */ = {isa = PBXBuildFile; fileRef = 26D9F3B522480CBE0026C975 /* Assets.xcassets */; };
		26D9F3B922480CBE0026C975 /* LaunchScreen.storyboard in Resources */ = {isa = PBXBuildFile; fileRef = 26D9F3B722480CBE0026C975 /* LaunchScreen.storyboard */; };
		26D9F3C12248483C0026C975 /* FileHandler.swift in Sources */ = {isa = PBXBuildFile; fileRef = 26D9F3C02248483C0026C975 /* FileHandler.swift */; };
		26D9F3C32248A06D0026C975 /* PlayerViewController.swift in Sources */ = {isa = PBXBuildFile; fileRef = 26D9F3C22248A06D0026C975 /* PlayerViewController.swift */; };
		7E2BC0109BB36B9723C7CDB6 /* Pods_Onyx.framework in Frameworks */ = {isa = PBXBuildFile; fileRef = 3A232B88797898F5C6ADB765 /* Pods_Onyx.framework */; };
/* End PBXBuildFile section */

/* Begin PBXFileReference section */
		26D9F3AB22480CBD0026C975 /* Onyx.app */ = {isa = PBXFileReference; explicitFileType = wrapper.application; includeInIndex = 0; path = Onyx.app; sourceTree = BUILT_PRODUCTS_DIR; };
		26D9F3AE22480CBD0026C975 /* AppDelegate.swift */ = {isa = PBXFileReference; lastKnownFileType = sourcecode.swift; path = AppDelegate.swift; sourceTree = "<group>"; };
		26D9F3B022480CBD0026C975 /* ViewController.swift */ = {isa = PBXFileReference; lastKnownFileType = sourcecode.swift; path = ViewController.swift; sourceTree = "<group>"; };
		26D9F3B322480CBD0026C975 /* Base */ = {isa = PBXFileReference; lastKnownFileType = file.storyboard; name = Base; path = Base.lproj/Main.storyboard; sourceTree = "<group>"; };
		26D9F3B522480CBE0026C975 /* Assets.xcassets */ = {isa = PBXFileReference; lastKnownFileType = folder.assetcatalog; path = Assets.xcassets; sourceTree = "<group>"; };
		26D9F3B822480CBE0026C975 /* Base */ = {isa = PBXFileReference; lastKnownFileType = file.storyboard; name = Base; path = Base.lproj/LaunchScreen.storyboard; sourceTree = "<group>"; };
		26D9F3BA22480CBE0026C975 /* Info.plist */ = {isa = PBXFileReference; lastKnownFileType = text.plist.xml; path = Info.plist; sourceTree = "<group>"; };
		26D9F3C02248483C0026C975 /* FileHandler.swift */ = {isa = PBXFileReference; lastKnownFileType = sourcecode.swift; path = FileHandler.swift; sourceTree = "<group>"; };
		26D9F3C22248A06D0026C975 /* PlayerViewController.swift */ = {isa = PBXFileReference; lastKnownFileType = sourcecode.swift; path = PlayerViewController.swift; sourceTree = "<group>"; };
		3A232B88797898F5C6ADB765 /* Pods_Onyx.framework */ = {isa = PBXFileReference; explicitFileType = wrapper.framework; includeInIndex = 0; path = Pods_Onyx.framework; sourceTree = BUILT_PRODUCTS_DIR; };
		96FE02138533F2E93BBB72E7 /* Pods-Onyx.debug.xcconfig */ = {isa = PBXFileReference; includeInIndex = 1; lastKnownFileType = text.xcconfig; name = "Pods-Onyx.debug.xcconfig"; path = "Target Support Files/Pods-Onyx/Pods-Onyx.debug.xcconfig"; sourceTree = "<group>"; };
		B8CD09578ACD23747685A0E2 /* Pods-Onyx.release.xcconfig */ = {isa = PBXFileReference; includeInIndex = 1; lastKnownFileType = text.xcconfig; name = "Pods-Onyx.release.xcconfig"; path = "Target Support Files/Pods-Onyx/Pods-Onyx.release.xcconfig"; sourceTree = "<group>"; };
/* End PBXFileReference section */

/* Begin PBXFrameworksBuildPhase section */
		26D9F3A822480CBD0026C975 /* Frameworks */ = {
			isa = PBXFrameworksBuildPhase;
			buildActionMask = 2147483647;
			files = (
				7E2BC0109BB36B9723C7CDB6 /* Pods_Onyx.framework in Frameworks */,
			);
			runOnlyForDeploymentPostprocessing = 0;
		};
/* End PBXFrameworksBuildPhase section */

/* Begin PBXGroup section */
		1AD025E08E15994431ED0AE1 /* Pods */ = {
			isa = PBXGroup;
			children = (
				96FE02138533F2E93BBB72E7 /* Pods-Onyx.debug.xcconfig */,
				B8CD09578ACD23747685A0E2 /* Pods-Onyx.release.xcconfig */,
			);
			path = Pods;
			sourceTree = "<group>";
		};
		26D9F3A222480CBD0026C975 = {
			isa = PBXGroup;
			children = (
				26D9F3AD22480CBD0026C975 /* Onyx */,
				26D9F3AC22480CBD0026C975 /* Products */,
				1AD025E08E15994431ED0AE1 /* Pods */,
				A608B066F548B970969650B4 /* Frameworks */,
			);
			sourceTree = "<group>";
		};
		26D9F3AC22480CBD0026C975 /* Products */ = {
			isa = PBXGroup;
			children = (
				26D9F3AB22480CBD0026C975 /* Onyx.app */,
			);
			name = Products;
			sourceTree = "<group>";
		};
		26D9F3AD22480CBD0026C975 /* Onyx */ = {
			isa = PBXGroup;
			children = (
				26D9F3AE22480CBD0026C975 /* AppDelegate.swift */,
				26D9F3B022480CBD0026C975 /* ViewController.swift */,
				26D9F3C22248A06D0026C975 /* PlayerViewController.swift */,
				26D9F3C02248483C0026C975 /* FileHandler.swift */,
				26D9F3B222480CBD0026C975 /* Main.storyboard */,
				26D9F3B522480CBE0026C975 /* Assets.xcassets */,
				26D9F3B722480CBE0026C975 /* LaunchScreen.storyboard */,
				26D9F3BA22480CBE0026C975 /* Info.plist */,
			);
			path = Onyx;
			sourceTree = "<group>";
		};
		A608B066F548B970969650B4 /* Frameworks */ = {
			isa = PBXGroup;
			children = (
				3A232B88797898F5C6ADB765 /* Pods_Onyx.framework */,
			);
			name = Frameworks;
			sourceTree = "<group>";
		};
/* End PBXGroup section */

/* Begin PBXNativeTarget section */
		26D9F3AA22480CBD0026C975 /* Onyx */ = {
			isa = PBXNativeTarget;
			buildConfigurationList = 26D9F3BD22480CBE0026C975 /* Build configuration list for PBXNativeTarget "Onyx" */;
			buildPhases = (
				291A6D53C6D38245291A2F83 /* [CP] Check Pods Manifest.lock */,
				26D9F3A722480CBD0026C975 /* Sources */,
				26D9F3A822480CBD0026C975 /* Frameworks */,
				26D9F3A922480CBD0026C975 /* Resources */,
				5454EA03A6947332DB7F85BD /* [CP] Embed Pods Frameworks */,
			);
			buildRules = (
			);
			dependencies = (
			);
			name = Onyx;
			productName = Onyx;
			productReference = 26D9F3AB22480CBD0026C975 /* Onyx.app */;
			productType = "com.apple.product-type.application";
		};
/* End PBXNativeTarget section */

/* Begin PBXProject section */
		26D9F3A322480CBD0026C975 /* Project object */ = {
			isa = PBXProject;
			attributes = {
				LastSwiftUpdateCheck = 1010;
				LastUpgradeCheck = 1010;
				ORGANIZATIONNAME = HU;
				TargetAttributes = {
					26D9F3AA22480CBD0026C975 = {
						CreatedOnToolsVersion = 10.1;
					};
				};
			};
			buildConfigurationList = 26D9F3A622480CBD0026C975 /* Build configuration list for PBXProject "Onyx" */;
			compatibilityVersion = "Xcode 9.3";
			developmentRegion = en;
			hasScannedForEncodings = 0;
			knownRegions = (
				en,
				Base,
			);
			mainGroup = 26D9F3A222480CBD0026C975;
			productRefGroup = 26D9F3AC22480CBD0026C975 /* Products */;
			projectDirPath = "";
			projectRoot = "";
			targets = (
				26D9F3AA22480CBD0026C975 /* Onyx */,
			);
		};
/* End PBXProject section */

/* Begin PBXResourcesBuildPhase section */
		26D9F3A922480CBD0026C975 /* Resources */ = {
			isa = PBXResourcesBuildPhase;
			buildActionMask = 2147483647;
			files = (
				26D9F3B922480CBE0026C975 /* LaunchScreen.storyboard in Resources */,
				26D9F3B622480CBE0026C975 /* Assets.xcassets in Resources */,
				26D9F3B422480CBD0026C975 /* Main.storyboard in Resources */,
			);
			runOnlyForDeploymentPostprocessing = 0;
		};
/* End PBXResourcesBuildPhase section */

/* Begin PBXShellScriptBuildPhase section */
		291A6D53C6D38245291A2F83 /* [CP] Check Pods Manifest.lock */ = {
			isa = PBXShellScriptBuildPhase;
			buildActionMask = 2147483647;
			files = (
			);
			inputFileListPaths = (
			);
			inputPaths = (
				"${PODS_PODFILE_DIR_PATH}/Podfile.lock",
				"${PODS_ROOT}/Manifest.lock",
			);
			name = "[CP] Check Pods Manifest.lock";
			outputFileListPaths = (
			);
			outputPaths = (
				"$(DERIVED_FILE_DIR)/Pods-Onyx-checkManifestLockResult.txt",
			);
			runOnlyForDeploymentPostprocessing = 0;
			shellPath = /bin/sh;
			shellScript = "diff \"${PODS_PODFILE_DIR_PATH}/Podfile.lock\" \"${PODS_ROOT}/Manifest.lock\" > /dev/null\nif [ $? != 0 ] ; then\n    # print error to STDERR\n    echo \"error: The sandbox is not in sync with the Podfile.lock. Run 'pod install' or update your CocoaPods installation.\" >&2\n    exit 1\nfi\n# This output is used by Xcode 'outputs' to avoid re-running this script phase.\necho \"SUCCESS\" > \"${SCRIPT_OUTPUT_FILE_0}\"\n";
			showEnvVarsInLog = 0;
		};
		5454EA03A6947332DB7F85BD /* [CP] Embed Pods Frameworks */ = {
			isa = PBXShellScriptBuildPhase;
			buildActionMask = 2147483647;
			files = (
			);
			inputFileListPaths = (
			);
			inputPaths = (
				"${PODS_ROOT}/Target Support Files/Pods-Onyx/Pods-Onyx-frameworks.sh",
				"${BUILT_PRODUCTS_DIR}/SSZipArchive/SSZipArchive.framework",
			);
			name = "[CP] Embed Pods Frameworks";
			outputFileListPaths = (
			);
			outputPaths = (
				"${TARGET_BUILD_DIR}/${FRAMEWORKS_FOLDER_PATH}/SSZipArchive.framework",
			);
			runOnlyForDeploymentPostprocessing = 0;
			shellPath = /bin/sh;
			shellScript = "\"${PODS_ROOT}/Target Support Files/Pods-Onyx/Pods-Onyx-frameworks.sh\"\n";
			showEnvVarsInLog = 0;
		};
/* End PBXShellScriptBuildPhase section */

/* Begin PBXSourcesBuildPhase section */
		26D9F3A722480CBD0026C975 /* Sources */ = {
			isa = PBXSourcesBuildPhase;
			buildActionMask = 2147483647;
			files = (
				26D9F3C12248483C0026C975 /* FileHandler.swift in Sources */,
				26D9F3C32248A06D0026C975 /* PlayerViewController.swift in Sources */,
				26D9F3B122480CBD0026C975 /* ViewController.swift in Sources */,
				26D9F3AF22480CBD0026C975 /* AppDelegate.swift in Sources */,
			);
			runOnlyForDeploymentPostprocessing = 0;
		};
/* End PBXSourcesBuildPhase section */

/* Begin PBXVariantGroup section */
		26D9F3B222480CBD0026C975 /* Main.storyboard */ = {
			isa = PBXVariantGroup;
			children = (
				26D9F3B322480CBD0026C975 /* Base */,
			);
			name = Main.storyboard;
			sourceTree = "<group>";
		};
		26D9F3B722480CBE0026C975 /* LaunchScreen.storyboard */ = {
			isa = PBXVariantGroup;
			children = (
				26D9F3B822480CBE0026C975 /* Base */,
			);
			name = LaunchScreen.storyboard;
			sourceTree = "<group>";
		};
/* End PBXVariantGroup section */

/* Begin XCBuildConfiguration section */
		26D9F3BB22480CBE0026C975 /* Debug */ = {
			isa = XCBuildConfiguration;
			buildSettings = {
				ALWAYS_SEARCH_USER_PATHS = NO;
				CLANG_ANALYZER_NONNULL = YES;
				CLANG_ANALYZER_NUMBER_OBJECT_CONVERSION = YES_AGGRESSIVE;
				CLANG_CXX_LANGUAGE_STANDARD = "gnu++14";
				CLANG_CXX_LIBRARY = "libc++";
				CLANG_ENABLE_MODULES = YES;
				CLANG_ENABLE_OBJC_ARC = YES;
				CLANG_ENABLE_OBJC_WEAK = YES;
				CLANG_WARN_BLOCK_CAPTURE_AUTORELEASING = YES;
				CLANG_WARN_BOOL_CONVERSION = YES;
				CLANG_WARN_COMMA = YES;
				CLANG_WARN_CONSTANT_CONVERSION = YES;
				CLANG_WARN_DEPRECATED_OBJC_IMPLEMENTATIONS = YES;
				CLANG_WARN_DIRECT_OBJC_ISA_USAGE = YES_ERROR;
				CLANG_WARN_DOCUMENTATION_COMMENTS = YES;
				CLANG_WARN_EMPTY_BODY = YES;
				CLANG_WARN_ENUM_CONVERSION = YES;
				CLANG_WARN_INFINITE_RECURSION = YES;
				CLANG_WARN_INT_CONVERSION = YES;
				CLANG_WARN_NON_LITERAL_NULL_CONVERSION = YES;
				CLANG_WARN_OBJC_IMPLICIT_RETAIN_SELF = YES;
				CLANG_WARN_OBJC_LITERAL_CONVERSION = YES;
				CLANG_WARN_OBJC_ROOT_CLASS = YES_ERROR;
				CLANG_WARN_RANGE_LOOP_ANALYSIS = YES;
				CLANG_WARN_STRICT_PROTOTYPES = YES;
				CLANG_WARN_SUSPICIOUS_MOVE = YES;
				CLANG_WARN_UNGUARDED_AVAILABILITY = YES_AGGRESSIVE;
				CLANG_WARN_UNREACHABLE_CODE = YES;
				CLANG_WARN__DUPLICATE_METHOD_MATCH = YES;
				CODE_SIGN_IDENTITY = "iPhone Developer";
				COPY_PHASE_STRIP = NO;
				DEBUG_INFORMATION_FORMAT = dwarf;
				ENABLE_STRICT_OBJC_MSGSEND = YES;
				ENABLE_TESTABILITY = YES;
				GCC_C_LANGUAGE_STANDARD = gnu11;
				GCC_DYNAMIC_NO_PIC = NO;
				GCC_NO_COMMON_BLOCKS = YES;
				GCC_OPTIMIZATION_LEVEL = 0;
				GCC_PREPROCESSOR_DEFINITIONS = (
					"DEBUG=1",
					"$(inherited)",
				);
				GCC_WARN_64_TO_32_BIT_CONVERSION = YES;
				GCC_WARN_ABOUT_RETURN_TYPE = YES_ERROR;
				GCC_WARN_UNDECLARED_SELECTOR = YES;
				GCC_WARN_UNINITIALIZED_AUTOS = YES_AGGRESSIVE;
				GCC_WARN_UNUSED_FUNCTION = YES;
				GCC_WARN_UNUSED_VARIABLE = YES;
				IPHONEOS_DEPLOYMENT_TARGET = 12.1;
				MTL_ENABLE_DEBUG_INFO = INCLUDE_SOURCE;
				MTL_FAST_MATH = YES;
				ONLY_ACTIVE_ARCH = YES;
				SDKROOT = iphoneos;
				SWIFT_ACTIVE_COMPILATION_CONDITIONS = DEBUG;
				SWIFT_OPTIMIZATION_LEVEL = "-Onone";
			};
			name = Debug;
		};
		26D9F3BC22480CBE0026C975 /* Release */ = {
			isa = XCBuildConfiguration;
			buildSettings = {
				ALWAYS_SEARCH_USER_PATHS = NO;
				CLANG_ANALYZER_NONNULL = YES;
				CLANG_ANALYZER_NUMBER_OBJECT_CONVERSION = YES_AGGRESSIVE;
				CLANG_CXX_LANGUAGE_STANDARD = "gnu++14";
				CLANG_CXX_LIBRARY = "libc++";
				CLANG_ENABLE_MODULES = YES;
				CLANG_ENABLE_OBJC_ARC = YES;
				CLANG_ENABLE_OBJC_WEAK = YES;
				CLANG_WARN_BLOCK_CAPTURE_AUTORELEASING = YES;
				CLANG_WARN_BOOL_CONVERSION = YES;
				CLANG_WARN_COMMA = YES;
				CLANG_WARN_CONSTANT_CONVERSION = YES;
				CLANG_WARN_DEPRECATED_OBJC_IMPLEMENTATIONS = YES;
				CLANG_WARN_DIRECT_OBJC_ISA_USAGE = YES_ERROR;
				CLANG_WARN_DOCUMENTATION_COMMENTS = YES;
				CLANG_WARN_EMPTY_BODY = YES;
				CLANG_WARN_ENUM_CONVERSION = YES;
				CLANG_WARN_INFINITE_RECURSION = YES;
				CLANG_WARN_INT_CONVERSION = YES;
				CLANG_WARN_NON_LITERAL_NULL_CONVERSION = YES;
				CLANG_WARN_OBJC_IMPLICIT_RETAIN_SELF = YES;
				CLANG_WARN_OBJC_LITERAL_CONVERSION = YES;
				CLANG_WARN_OBJC_ROOT_CLASS = YES_ERROR;
				CLANG_WARN_RANGE_LOOP_ANALYSIS = YES;
				CLANG_WARN_STRICT_PROTOTYPES = YES;
				CLANG_WARN_SUSPICIOUS_MOVE = YES;
				CLANG_WARN_UNGUARDED_AVAILABILITY = YES_AGGRESSIVE;
				CLANG_WARN_UNREACHABLE_CODE = YES;
				CLANG_WARN__DUPLICATE_METHOD_MATCH = YES;
				CODE_SIGN_IDENTITY = "iPhone Developer";
				COPY_PHASE_STRIP = NO;
				DEBUG_INFORMATION_FORMAT = "dwarf-with-dsym";
				ENABLE_NS_ASSERTIONS = NO;
				ENABLE_STRICT_OBJC_MSGSEND = YES;
				GCC_C_LANGUAGE_STANDARD = gnu11;
				GCC_NO_COMMON_BLOCKS = YES;
				GCC_WARN_64_TO_32_BIT_CONVERSION = YES;
				GCC_WARN_ABOUT_RETURN_TYPE = YES_ERROR;
				GCC_WARN_UNDECLARED_SELECTOR = YES;
				GCC_WARN_UNINITIALIZED_AUTOS = YES_AGGRESSIVE;
				GCC_WARN_UNUSED_FUNCTION = YES;
				GCC_WARN_UNUSED_VARIABLE = YES;
				IPHONEOS_DEPLOYMENT_TARGET = 12.1;
				MTL_ENABLE_DEBUG_INFO = NO;
				MTL_FAST_MATH = YES;
				SDKROOT = iphoneos;
				SWIFT_COMPILATION_MODE = wholemodule;
				SWIFT_OPTIMIZATION_LEVEL = "-O";
				VALIDATE_PRODUCT = YES;
			};
			name = Release;
		};
		26D9F3BE22480CBE0026C975 /* Debug */ = {
			isa = XCBuildConfiguration;
			baseConfigurationReference = 96FE02138533F2E93BBB72E7 /* Pods-Onyx.debug.xcconfig */;
			buildSettings = {
				ASSETCATALOG_COMPILER_APPICON_NAME = AppIcon;
				CODE_SIGN_IDENTITY = "iPhone Developer";
				CODE_SIGN_STYLE = Automatic;
				DEVELOPMENT_TEAM = 4LNUDV69WX;
				INFOPLIST_FILE = Onyx/Info.plist;
				LD_RUNPATH_SEARCH_PATHS = (
					"$(inherited)",
					"@executable_path/Frameworks",
				);
				PRODUCT_BUNDLE_IDENTIFIER = com.hu.Onyx;
				PRODUCT_NAME = "$(TARGET_NAME)";
				PROVISIONING_PROFILE_SPECIFIER = "";
				SWIFT_VERSION = 4.2;
				TARGETED_DEVICE_FAMILY = "1,2";
			};
			name = Debug;
		};
		26D9F3BF22480CBE0026C975 /* Release */ = {
			isa = XCBuildConfiguration;
			baseConfigurationReference = B8CD09578ACD23747685A0E2 /* Pods-Onyx.release.xcconfig */;
			buildSettings = {
				ASSETCATALOG_COMPILER_APPICON_NAME = AppIcon;
				CODE_SIGN_IDENTITY = "iPhone Developer";
				CODE_SIGN_STYLE = Automatic;
				DEVELOPMENT_TEAM = 4LNUDV69WX;
				INFOPLIST_FILE = Onyx/Info.plist;
				LD_RUNPATH_SEARCH_PATHS = (
					"$(inherited)",
					"@executable_path/Frameworks",
				);
				PRODUCT_BUNDLE_IDENTIFIER = com.hu.Onyx;
				PRODUCT_NAME = "$(TARGET_NAME)";
				PROVISIONING_PROFILE_SPECIFIER = "";
				SWIFT_VERSION = 4.2;
				TARGETED_DEVICE_FAMILY = "1,2";
			};
			name = Release;
		};
/* End XCBuildConfiguration section */

/* Begin XCConfigurationList section */
		26D9F3A622480CBD0026C975 /* Build configuration list for PBXProject "Onyx" */ = {
			isa = XCConfigurationList;
			buildConfigurations = (
				26D9F3BB22480CBE0026C975 /* Debug */,
				26D9F3BC22480CBE0026C975 /* Release */,
			);
			defaultConfigurationIsVisible = 0;
			defaultConfigurationName = Release;
		};
		26D9F3BD22480CBE0026C975 /* Build configuration list for PBXNativeTarget "Onyx" */ = {
			isa = XCConfigurationList;
			buildConfigurations = (
				26D9F3BE22480CBE0026C975 /* Debug */,
				26D9F3BF22480CBE0026C975 /* Release */,
			);
			defaultConfigurationIsVisible = 0;
			defaultConfigurationName = Release;
		};
/* End XCConfigurationList section */
	};
	rootObject = 26D9F3A322480CBD0026C975 /* Project object */;
}
